
Microsoft Visual Studio Solution File, Format Version 12.00
# Visual Studio Version 16
VisualStudioVersion = 16.0.30804.86
MinimumVisualStudioVersion = 10.0.40219.1
Project("{FAE04EC0-301F-11D3-BF4B-00C04F79EFBC}") = "Custom Stages", "Test Mod\Custom Stages.csproj", "{3820B1E6-A2E5-4558-978F-620A2AB63E00}"
EndProject
Global
	GlobalSection(SolutionConfigurationPlatforms) = preSolution
		Debug|Any CPU = Debug|Any CPU
		Release|Any CPU = Release|Any CPU
	EndGlobalSection
	GlobalSection(ProjectConfigurationPlatforms) = postSolution
		{3820B1E6-A2E5-4558-978F-620A2AB63E00}.Debug|Any CPU.ActiveCfg = Debug|Any CPU
		{3820B1E6-A2E5-4558-978F-620A2AB63E00}.Debug|Any CPU.Build.0 = Debug|Any CPU
		{3820B1E6-A2E5-4558-978F-620A2AB63E00}.Release|Any CPU.ActiveCfg = Release|Any CPU
		{3820B1E6-A2E5-4558-978F-620A2AB63E00}.Release|Any CPU.Build.0 = Release|Any CPU
	EndGlobalSection
	GlobalSection(SolutionProperties) = preSolution
		HideSolutionNode = FALSE
	EndGlobalSection
	GlobalSection(ExtensibilityGlobals) = postSolution
		SolutionGuid = {561BCAF9-760B-4122-A0BF-E8E6C23D8830}
	EndGlobalSection
EndGlobal
